// !$*UTF8*$!
{
	archiveVersion = 1;
	classes = {
	};
	objectVersion = 46;
	objects = {

/* Begin PBXBuildFile section */
		F50FE6191DC9944500029A11 /* KeyGeneratorHelper.swift in Sources */ = {isa = PBXBuildFile; fileRef = F50FE6181DC9944500029A11 /* KeyGeneratorHelper.swift */; };
		F50FE61B1DC996E200029A11 /* KeyGenerator.swift in Sources */ = {isa = PBXBuildFile; fileRef = F50FE61A1DC996E200029A11 /* KeyGenerator.swift */; };
		F50FE61D1DC9A1A900029A11 /* AddShareBoardVC.swift in Sources */ = {isa = PBXBuildFile; fileRef = F50FE61C1DC9A1A900029A11 /* AddShareBoardVC.swift */; };
		F50FE61F1DC9B2B900029A11 /* AWOHTITVC.swift in Sources */ = {isa = PBXBuildFile; fileRef = F50FE61E1DC9B2B900029A11 /* AWOHTITVC.swift */; };
		F50FE6211DC9B35900029A11 /* ActionExecuter.swift in Sources */ = {isa = PBXBuildFile; fileRef = F50FE6201DC9B35900029A11 /* ActionExecuter.swift */; };
		F50FE6231DC9B5DD00029A11 /* PlayerInfoDTO.swift in Sources */ = {isa = PBXBuildFile; fileRef = F50FE6221DC9B5DD00029A11 /* PlayerInfoDTO.swift */; };
		F50FE6251DCE370C00029A11 /* PlayingTVC.swift in Sources */ = {isa = PBXBuildFile; fileRef = F50FE6241DCE370C00029A11 /* PlayingTVC.swift */; };
		F50FE6271DCE38B300029A11 /* AWOHTIInactiveTVC.swift in Sources */ = {isa = PBXBuildFile; fileRef = F50FE6261DCE38B300029A11 /* AWOHTIInactiveTVC.swift */; };
		F50FE6291DCE8DB800029A11 /* PlayingInactiveTVC.swift in Sources */ = {isa = PBXBuildFile; fileRef = F50FE6281DCE8DB800029A11 /* PlayingInactiveTVC.swift */; };
		F50FE62B1DCEB53000029A11 /* ColorUtil.swift in Sources */ = {isa = PBXBuildFile; fileRef = F50FE62A1DCEB53000029A11 /* ColorUtil.swift */; };
		F50FE62D1DD160E800029A11 /* LeftTVC.swift in Sources */ = {isa = PBXBuildFile; fileRef = F50FE62C1DD160E800029A11 /* LeftTVC.swift */; };
		F5221B051DDF25880017BBBD /* FirebaseType.swift in Sources */ = {isa = PBXBuildFile; fileRef = F5221B041DDF25880017BBBD /* FirebaseType.swift */; };
		F5221B071DE10A0C0017BBBD /* UserDefaultsHelper.swift in Sources */ = {isa = PBXBuildFile; fileRef = F5221B061DE10A0C0017BBBD /* UserDefaultsHelper.swift */; };
		F58499AB1DBEF1610052B752 /* PlayerNameTCV.swift in Sources */ = {isa = PBXBuildFile; fileRef = F58499AA1DBEF1610052B752 /* PlayerNameTCV.swift */; };
		F594C7011DD16EA400AB8B3A /* SummaryTVC.swift in Sources */ = {isa = PBXBuildFile; fileRef = F594C7001DD16EA400AB8B3A /* SummaryTVC.swift */; };
		F596422A1DC980B3001FA9A9 /* GoogleService-Info.plist in Resources */ = {isa = PBXBuildFile; fileRef = F59642291DC980B3001FA9A9 /* GoogleService-Info.plist */; };
		F596422C1DC980DD001FA9A9 /* FirebaseHelper.swift in Sources */ = {isa = PBXBuildFile; fileRef = F596422B1DC980DD001FA9A9 /* FirebaseHelper.swift */; };
		F5CF8A791DBD24B30043E05A /* ArretoExceptions.swift in Sources */ = {isa = PBXBuildFile; fileRef = F5CF8A781DBD24B30043E05A /* ArretoExceptions.swift */; };
		F5CF8A7C1DBD29AD0043E05A /* EventTypeEnum.swift in Sources */ = {isa = PBXBuildFile; fileRef = F5CF8A7B1DBD29AD0043E05A /* EventTypeEnum.swift */; };
		F5DB98FB1DE639D700FD9933 /* ViewModeEnum.swift in Sources */ = {isa = PBXBuildFile; fileRef = F5DB98FA1DE639D700FD9933 /* ViewModeEnum.swift */; };
		F5DB98FD1DE67BBC00FD9933 /* ChangeViewModeVC.swift in Sources */ = {isa = PBXBuildFile; fileRef = F5DB98FC1DE67BBC00FD9933 /* ChangeViewModeVC.swift */; };
		F5DB98FF1DE67BEC00FD9933 /* ViewModeCVC.swift in Sources */ = {isa = PBXBuildFile; fileRef = F5DB98FE1DE67BEC00FD9933 /* ViewModeCVC.swift */; };
		F5F7C3BB1DBBC59D00BC116E /* AppDelegate.swift in Sources */ = {isa = PBXBuildFile; fileRef = F5F7C3BA1DBBC59D00BC116E /* AppDelegate.swift */; };
		F5F7C3BD1DBBC59D00BC116E /* MainVC.swift in Sources */ = {isa = PBXBuildFile; fileRef = F5F7C3BC1DBBC59D00BC116E /* MainVC.swift */; };
		F5F7C3C01DBBC59D00BC116E /* Main.storyboard in Resources */ = {isa = PBXBuildFile; fileRef = F5F7C3BE1DBBC59D00BC116E /* Main.storyboard */; };
		F5F7C3C31DBBC59D00BC116E /* ArretoApp.xcdatamodeld in Sources */ = {isa = PBXBuildFile; fileRef = F5F7C3C11DBBC59D00BC116E /* ArretoApp.xcdatamodeld */; };
		F5F7C3C51DBBC59D00BC116E /* Assets.xcassets in Resources */ = {isa = PBXBuildFile; fileRef = F5F7C3C41DBBC59D00BC116E /* Assets.xcassets */; };
		F5F7C3C81DBBC59D00BC116E /* LaunchScreen.storyboard in Resources */ = {isa = PBXBuildFile; fileRef = F5F7C3C61DBBC59D00BC116E /* LaunchScreen.storyboard */; };
		F5F7C3D01DBBD0B900BC116E /* CoreDataHelper.swift in Sources */ = {isa = PBXBuildFile; fileRef = F5F7C3CF1DBBD0B900BC116E /* CoreDataHelper.swift */; };
		F5F7C3DC1DBBD39A00BC116E /* Board+CoreDataClass.swift in Sources */ = {isa = PBXBuildFile; fileRef = F5F7C3D61DBBD39A00BC116E /* Board+CoreDataClass.swift */; };
		F5F7C3DD1DBBD39A00BC116E /* Board+CoreDataProperties.swift in Sources */ = {isa = PBXBuildFile; fileRef = F5F7C3D71DBBD39A00BC116E /* Board+CoreDataProperties.swift */; };
		F5F7C3DE1DBBD39A00BC116E /* Player+CoreDataClass.swift in Sources */ = {isa = PBXBuildFile; fileRef = F5F7C3D81DBBD39A00BC116E /* Player+CoreDataClass.swift */; };
		F5F7C3DF1DBBD39A00BC116E /* Player+CoreDataProperties.swift in Sources */ = {isa = PBXBuildFile; fileRef = F5F7C3D91DBBD39A00BC116E /* Player+CoreDataProperties.swift */; };
		F5F7C3E01DBBD39A00BC116E /* Event+CoreDataClass.swift in Sources */ = {isa = PBXBuildFile; fileRef = F5F7C3DA1DBBD39A00BC116E /* Event+CoreDataClass.swift */; };
		F5F7C3E11DBBD39A00BC116E /* Event+CoreDataProperties.swift in Sources */ = {isa = PBXBuildFile; fileRef = F5F7C3DB1DBBD39A00BC116E /* Event+CoreDataProperties.swift */; };
		F5F7C3E41DBBDBC700BC116E /* GameType.swift in Sources */ = {isa = PBXBuildFile; fileRef = F5F7C3E31DBBDBC700BC116E /* GameType.swift */; };
		F5F7C3E81DBBDC2700BC116E /* GameImpl.swift in Sources */ = {isa = PBXBuildFile; fileRef = F5F7C3E71DBBDC2700BC116E /* GameImpl.swift */; };
		F5F7C3EA1DBBE04A00BC116E /* AddPlayerVC.swift in Sources */ = {isa = PBXBuildFile; fileRef = F5F7C3E91DBBE04A00BC116E /* AddPlayerVC.swift */; };
		FC57CFBD23CB65008BAF43AC /* Pods_ArretoApp.framework in Frameworks */ = {isa = PBXBuildFile; fileRef = 5AF1D26FC9076446C912D807 /* Pods_ArretoApp.framework */; };
/* End PBXBuildFile section */

/* Begin PBXFileReference section */
		23452EE743DFE89CA0F8A834 /* Pods-ArretoApp.release.xcconfig */ = {isa = PBXFileReference; includeInIndex = 1; lastKnownFileType = text.xcconfig; name = "Pods-ArretoApp.release.xcconfig"; path = "Pods/Target Support Files/Pods-ArretoApp/Pods-ArretoApp.release.xcconfig"; sourceTree = "<group>"; };
		5AF1D26FC9076446C912D807 /* Pods_ArretoApp.framework */ = {isa = PBXFileReference; explicitFileType = wrapper.framework; includeInIndex = 0; path = Pods_ArretoApp.framework; sourceTree = BUILT_PRODUCTS_DIR; };
		EF1968CD7199A1BA10DC38C2 /* Pods-ArretoApp.debug.xcconfig */ = {isa = PBXFileReference; includeInIndex = 1; lastKnownFileType = text.xcconfig; name = "Pods-ArretoApp.debug.xcconfig"; path = "Pods/Target Support Files/Pods-ArretoApp/Pods-ArretoApp.debug.xcconfig"; sourceTree = "<group>"; };
		F50FE6181DC9944500029A11 /* KeyGeneratorHelper.swift */ = {isa = PBXFileReference; fileEncoding = 4; lastKnownFileType = sourcecode.swift; path = KeyGeneratorHelper.swift; sourceTree = "<group>"; };
		F50FE61A1DC996E200029A11 /* KeyGenerator.swift */ = {isa = PBXFileReference; fileEncoding = 4; lastKnownFileType = sourcecode.swift; path = KeyGenerator.swift; sourceTree = "<group>"; };
		F50FE61C1DC9A1A900029A11 /* AddShareBoardVC.swift */ = {isa = PBXFileReference; fileEncoding = 4; lastKnownFileType = sourcecode.swift; path = AddShareBoardVC.swift; sourceTree = "<group>"; };
		F50FE61E1DC9B2B900029A11 /* AWOHTITVC.swift */ = {isa = PBXFileReference; fileEncoding = 4; lastKnownFileType = sourcecode.swift; path = AWOHTITVC.swift; sourceTree = "<group>"; };
		F50FE6201DC9B35900029A11 /* ActionExecuter.swift */ = {isa = PBXFileReference; fileEncoding = 4; lastKnownFileType = sourcecode.swift; path = ActionExecuter.swift; sourceTree = "<group>"; };
		F50FE6221DC9B5DD00029A11 /* PlayerInfoDTO.swift */ = {isa = PBXFileReference; fileEncoding = 4; lastKnownFileType = sourcecode.swift; path = PlayerInfoDTO.swift; sourceTree = "<group>"; };
		F50FE6241DCE370C00029A11 /* PlayingTVC.swift */ = {isa = PBXFileReference; fileEncoding = 4; lastKnownFileType = sourcecode.swift; path = PlayingTVC.swift; sourceTree = "<group>"; };
		F50FE6261DCE38B300029A11 /* AWOHTIInactiveTVC.swift */ = {isa = PBXFileReference; fileEncoding = 4; lastKnownFileType = sourcecode.swift; path = AWOHTIInactiveTVC.swift; sourceTree = "<group>"; };
		F50FE6281DCE8DB800029A11 /* PlayingInactiveTVC.swift */ = {isa = PBXFileReference; fileEncoding = 4; lastKnownFileType = sourcecode.swift; path = PlayingInactiveTVC.swift; sourceTree = "<group>"; };
		F50FE62A1DCEB53000029A11 /* ColorUtil.swift */ = {isa = PBXFileReference; fileEncoding = 4; lastKnownFileType = sourcecode.swift; path = ColorUtil.swift; sourceTree = "<group>"; };
		F50FE62C1DD160E800029A11 /* LeftTVC.swift */ = {isa = PBXFileReference; fileEncoding = 4; lastKnownFileType = sourcecode.swift; path = LeftTVC.swift; sourceTree = "<group>"; };
		F5221B031DDF23740017BBBD /* ArretoApp v1. 3.xcdatamodel */ = {isa = PBXFileReference; lastKnownFileType = wrapper.xcdatamodel; path = "ArretoApp v1. 3.xcdatamodel"; sourceTree = "<group>"; };
		F5221B041DDF25880017BBBD /* FirebaseType.swift */ = {isa = PBXFileReference; fileEncoding = 4; lastKnownFileType = sourcecode.swift; path = FirebaseType.swift; sourceTree = "<group>"; };
		F5221B061DE10A0C0017BBBD /* UserDefaultsHelper.swift */ = {isa = PBXFileReference; fileEncoding = 4; lastKnownFileType = sourcecode.swift; path = UserDefaultsHelper.swift; sourceTree = "<group>"; };
		F58499AA1DBEF1610052B752 /* PlayerNameTCV.swift */ = {isa = PBXFileReference; fileEncoding = 4; lastKnownFileType = sourcecode.swift; path = PlayerNameTCV.swift; sourceTree = "<group>"; };
		F58499AC1DC4FBC00052B752 /* ArretoApp v1.2.xcdatamodel */ = {isa = PBXFileReference; lastKnownFileType = wrapper.xcdatamodel; path = "ArretoApp v1.2.xcdatamodel"; sourceTree = "<group>"; };
		F594C7001DD16EA400AB8B3A /* SummaryTVC.swift */ = {isa = PBXFileReference; fileEncoding = 4; lastKnownFileType = sourcecode.swift; path = SummaryTVC.swift; sourceTree = "<group>"; };
		F59642291DC980B3001FA9A9 /* GoogleService-Info.plist */ = {isa = PBXFileReference; fileEncoding = 4; lastKnownFileType = text.plist.xml; path = "GoogleService-Info.plist"; sourceTree = "<group>"; };
		F596422B1DC980DD001FA9A9 /* FirebaseHelper.swift */ = {isa = PBXFileReference; fileEncoding = 4; lastKnownFileType = sourcecode.swift; path = FirebaseHelper.swift; sourceTree = "<group>"; };
		F5CF8A781DBD24B30043E05A /* ArretoExceptions.swift */ = {isa = PBXFileReference; fileEncoding = 4; lastKnownFileType = sourcecode.swift; path = ArretoExceptions.swift; sourceTree = "<group>"; };
		F5CF8A7B1DBD29AD0043E05A /* EventTypeEnum.swift */ = {isa = PBXFileReference; fileEncoding = 4; lastKnownFileType = sourcecode.swift; path = EventTypeEnum.swift; sourceTree = "<group>"; };
		F5DB98FA1DE639D700FD9933 /* ViewModeEnum.swift */ = {isa = PBXFileReference; fileEncoding = 4; lastKnownFileType = sourcecode.swift; path = ViewModeEnum.swift; sourceTree = "<group>"; };
		F5DB98FC1DE67BBC00FD9933 /* ChangeViewModeVC.swift */ = {isa = PBXFileReference; fileEncoding = 4; lastKnownFileType = sourcecode.swift; path = ChangeViewModeVC.swift; sourceTree = "<group>"; };
		F5DB98FE1DE67BEC00FD9933 /* ViewModeCVC.swift */ = {isa = PBXFileReference; fileEncoding = 4; lastKnownFileType = sourcecode.swift; path = ViewModeCVC.swift; sourceTree = "<group>"; };
		F5F7C3B71DBBC59D00BC116E /* ArretoApp.app */ = {isa = PBXFileReference; explicitFileType = wrapper.application; includeInIndex = 0; path = ArretoApp.app; sourceTree = BUILT_PRODUCTS_DIR; };
		F5F7C3BA1DBBC59D00BC116E /* AppDelegate.swift */ = {isa = PBXFileReference; lastKnownFileType = sourcecode.swift; path = AppDelegate.swift; sourceTree = "<group>"; };
		F5F7C3BC1DBBC59D00BC116E /* MainVC.swift */ = {isa = PBXFileReference; lastKnownFileType = sourcecode.swift; path = MainVC.swift; sourceTree = "<group>"; };
		F5F7C3BF1DBBC59D00BC116E /* Base */ = {isa = PBXFileReference; lastKnownFileType = file.storyboard; name = Base; path = Base.lproj/Main.storyboard; sourceTree = "<group>"; };
		F5F7C3C21DBBC59D00BC116E /* ArretoApp.xcdatamodel */ = {isa = PBXFileReference; lastKnownFileType = wrapper.xcdatamodel; path = ArretoApp.xcdatamodel; sourceTree = "<group>"; };
		F5F7C3C41DBBC59D00BC116E /* Assets.xcassets */ = {isa = PBXFileReference; lastKnownFileType = folder.assetcatalog; path = Assets.xcassets; sourceTree = "<group>"; };
		F5F7C3C71DBBC59D00BC116E /* Base */ = {isa = PBXFileReference; lastKnownFileType = file.storyboard; name = Base; path = Base.lproj/LaunchScreen.storyboard; sourceTree = "<group>"; };
		F5F7C3C91DBBC59D00BC116E /* Info.plist */ = {isa = PBXFileReference; lastKnownFileType = text.plist.xml; path = Info.plist; sourceTree = "<group>"; };
		F5F7C3CF1DBBD0B900BC116E /* CoreDataHelper.swift */ = {isa = PBXFileReference; fileEncoding = 4; lastKnownFileType = sourcecode.swift; path = CoreDataHelper.swift; sourceTree = "<group>"; };
		F5F7C3D61DBBD39A00BC116E /* Board+CoreDataClass.swift */ = {isa = PBXFileReference; fileEncoding = 4; lastKnownFileType = sourcecode.swift; path = "Board+CoreDataClass.swift"; sourceTree = "<group>"; };
		F5F7C3D71DBBD39A00BC116E /* Board+CoreDataProperties.swift */ = {isa = PBXFileReference; fileEncoding = 4; lastKnownFileType = sourcecode.swift; path = "Board+CoreDataProperties.swift"; sourceTree = "<group>"; };
		F5F7C3D81DBBD39A00BC116E /* Player+CoreDataClass.swift */ = {isa = PBXFileReference; fileEncoding = 4; lastKnownFileType = sourcecode.swift; path = "Player+CoreDataClass.swift"; sourceTree = "<group>"; };
		F5F7C3D91DBBD39A00BC116E /* Player+CoreDataProperties.swift */ = {isa = PBXFileReference; fileEncoding = 4; lastKnownFileType = sourcecode.swift; path = "Player+CoreDataProperties.swift"; sourceTree = "<group>"; };
		F5F7C3DA1DBBD39A00BC116E /* Event+CoreDataClass.swift */ = {isa = PBXFileReference; fileEncoding = 4; lastKnownFileType = sourcecode.swift; path = "Event+CoreDataClass.swift"; sourceTree = "<group>"; };
		F5F7C3DB1DBBD39A00BC116E /* Event+CoreDataProperties.swift */ = {isa = PBXFileReference; fileEncoding = 4; lastKnownFileType = sourcecode.swift; path = "Event+CoreDataProperties.swift"; sourceTree = "<group>"; };
		F5F7C3E31DBBDBC700BC116E /* GameType.swift */ = {isa = PBXFileReference; fileEncoding = 4; lastKnownFileType = sourcecode.swift; path = GameType.swift; sourceTree = "<group>"; };
		F5F7C3E71DBBDC2700BC116E /* GameImpl.swift */ = {isa = PBXFileReference; fileEncoding = 4; lastKnownFileType = sourcecode.swift; path = GameImpl.swift; sourceTree = "<group>"; };
		F5F7C3E91DBBE04A00BC116E /* AddPlayerVC.swift */ = {isa = PBXFileReference; fileEncoding = 4; lastKnownFileType = sourcecode.swift; path = AddPlayerVC.swift; sourceTree = "<group>"; };
/* End PBXFileReference section */

/* Begin PBXFrameworksBuildPhase section */
		F5F7C3B41DBBC59D00BC116E /* Frameworks */ = {
			isa = PBXFrameworksBuildPhase;
			buildActionMask = 2147483647;
			files = (
				FC57CFBD23CB65008BAF43AC /* Pods_ArretoApp.framework in Frameworks */,
			);
			runOnlyForDeploymentPostprocessing = 0;
		};
/* End PBXFrameworksBuildPhase section */

/* Begin PBXGroup section */
		4DA1AAC09CC490F1584E1362 /* Pods */ = {
			isa = PBXGroup;
			children = (
				EF1968CD7199A1BA10DC38C2 /* Pods-ArretoApp.debug.xcconfig */,
				23452EE743DFE89CA0F8A834 /* Pods-ArretoApp.release.xcconfig */,
			);
			name = Pods;
			sourceTree = "<group>";
		};
		F2AC82C68CCC86A2CEEF357A /* Frameworks */ = {
			isa = PBXGroup;
			children = (
				5AF1D26FC9076446C912D807 /* Pods_ArretoApp.framework */,
			);
			name = Frameworks;
			sourceTree = "<group>";
		};
		F58499A91DBEF14A0052B752 /* cells */ = {
			isa = PBXGroup;
			children = (
				F50FE6261DCE38B300029A11 /* AWOHTIInactiveTVC.swift */,
				F58499AA1DBEF1610052B752 /* PlayerNameTCV.swift */,
				F50FE61E1DC9B2B900029A11 /* AWOHTITVC.swift */,
				F50FE6241DCE370C00029A11 /* PlayingTVC.swift */,
				F50FE6281DCE8DB800029A11 /* PlayingInactiveTVC.swift */,
				F50FE62C1DD160E800029A11 /* LeftTVC.swift */,
				F594C7001DD16EA400AB8B3A /* SummaryTVC.swift */,
				F5DB98FE1DE67BEC00FD9933 /* ViewModeCVC.swift */,
			);
			name = cells;
			sourceTree = "<group>";
		};
		F5CF8A7A1DBD29970043E05A /* enums */ = {
			isa = PBXGroup;
			children = (
				F5CF8A7B1DBD29AD0043E05A /* EventTypeEnum.swift */,
				F5DB98FA1DE639D700FD9933 /* ViewModeEnum.swift */,
			);
			name = enums;
			sourceTree = "<group>";
		};
		F5EE39CF1DC6CBF200479D98 /* dtos */ = {
			isa = PBXGroup;
			children = (
				F50FE6221DC9B5DD00029A11 /* PlayerInfoDTO.swift */,
			);
			name = dtos;
			sourceTree = "<group>";
		};
		F5F7C3AE1DBBC59D00BC116E = {
			isa = PBXGroup;
			children = (
				F5F7C3B91DBBC59D00BC116E /* ArretoApp */,
				F5F7C3B81DBBC59D00BC116E /* Products */,
				4DA1AAC09CC490F1584E1362 /* Pods */,
				F2AC82C68CCC86A2CEEF357A /* Frameworks */,
			);
			sourceTree = "<group>";
		};
		F5F7C3B81DBBC59D00BC116E /* Products */ = {
			isa = PBXGroup;
			children = (
				F5F7C3B71DBBC59D00BC116E /* ArretoApp.app */,
			);
			name = Products;
			sourceTree = "<group>";
		};
		F5F7C3B91DBBC59D00BC116E /* ArretoApp */ = {
			isa = PBXGroup;
			children = (
				F5F7C3E61DBBDC1000BC116E /* core */,
				F5F7C3D51DBBD38300BC116E /* entities */,
				F5F7C3D11DBBD21A00BC116E /* controllers */,
				F5F7C3D41DBBD24D00BC116E /* utils */,
				F5F7C3D31DBBD24100BC116E /* view */,
				F5F7C3D21DBBD22700BC116E /* supporting files */,
			);
			path = ArretoApp;
			sourceTree = "<group>";
		};
		F5F7C3D11DBBD21A00BC116E /* controllers */ = {
			isa = PBXGroup;
			children = (
				F58499A91DBEF14A0052B752 /* cells */,
				F5F7C3BC1DBBC59D00BC116E /* MainVC.swift */,
				F5F7C3E91DBBE04A00BC116E /* AddPlayerVC.swift */,
				F50FE61C1DC9A1A900029A11 /* AddShareBoardVC.swift */,
				F5DB98FC1DE67BBC00FD9933 /* ChangeViewModeVC.swift */,
			);
			name = controllers;
			sourceTree = "<group>";
		};
		F5F7C3D21DBBD22700BC116E /* supporting files */ = {
			isa = PBXGroup;
			children = (
				F5F7C3C11DBBC59D00BC116E /* ArretoApp.xcdatamodeld */,
				F5F7C3C41DBBC59D00BC116E /* Assets.xcassets */,
				F59642291DC980B3001FA9A9 /* GoogleService-Info.plist */,
				F5F7C3BA1DBBC59D00BC116E /* AppDelegate.swift */,
				F5F7C3C61DBBC59D00BC116E /* LaunchScreen.storyboard */,
				F5F7C3C91DBBC59D00BC116E /* Info.plist */,
			);
			name = "supporting files";
			sourceTree = "<group>";
		};
		F5F7C3D31DBBD24100BC116E /* view */ = {
			isa = PBXGroup;
			children = (
				F5F7C3BE1DBBC59D00BC116E /* Main.storyboard */,
			);
			name = view;
			sourceTree = "<group>";
		};
		F5F7C3D41DBBD24D00BC116E /* utils */ = {
			isa = PBXGroup;
			children = (
				F5F7C3CF1DBBD0B900BC116E /* CoreDataHelper.swift */,
				F596422B1DC980DD001FA9A9 /* FirebaseHelper.swift */,
				F50FE6181DC9944500029A11 /* KeyGeneratorHelper.swift */,
				F50FE62A1DCEB53000029A11 /* ColorUtil.swift */,
				F5221B061DE10A0C0017BBBD /* UserDefaultsHelper.swift */,
			);
			name = utils;
			sourceTree = "<group>";
		};
		F5F7C3D51DBBD38300BC116E /* entities */ = {
			isa = PBXGroup;
			children = (
				F5F7C3D61DBBD39A00BC116E /* Board+CoreDataClass.swift */,
				F5F7C3D71DBBD39A00BC116E /* Board+CoreDataProperties.swift */,
				F5F7C3D81DBBD39A00BC116E /* Player+CoreDataClass.swift */,
				F5F7C3D91DBBD39A00BC116E /* Player+CoreDataProperties.swift */,
				F5F7C3DA1DBBD39A00BC116E /* Event+CoreDataClass.swift */,
				F5F7C3DB1DBBD39A00BC116E /* Event+CoreDataProperties.swift */,
			);
			name = entities;
			sourceTree = "<group>";
		};
		F5F7C3E21DBBDB8E00BC116E /* protocols */ = {
			isa = PBXGroup;
			children = (
				F5F7C3E31DBBDBC700BC116E /* GameType.swift */,
				F50FE61A1DC996E200029A11 /* KeyGenerator.swift */,
				F50FE6201DC9B35900029A11 /* ActionExecuter.swift */,
				F5221B041DDF25880017BBBD /* FirebaseType.swift */,
			);
			name = protocols;
			sourceTree = "<group>";
		};
		F5F7C3E51DBBDC0700BC116E /* implementation */ = {
			isa = PBXGroup;
			children = (
				F5F7C3E71DBBDC2700BC116E /* GameImpl.swift */,
			);
			name = implementation;
			sourceTree = "<group>";
		};
		F5F7C3E61DBBDC1000BC116E /* core */ = {
			isa = PBXGroup;
			children = (
				F5EE39CF1DC6CBF200479D98 /* dtos */,
				F5CF8A7A1DBD29970043E05A /* enums */,
				F5F7C3E21DBBDB8E00BC116E /* protocols */,
				F5F7C3E51DBBDC0700BC116E /* implementation */,
				F5CF8A781DBD24B30043E05A /* ArretoExceptions.swift */,
			);
			name = core;
			sourceTree = "<group>";
		};
/* End PBXGroup section */

/* Begin PBXNativeTarget section */
		F5F7C3B61DBBC59D00BC116E /* ArretoApp */ = {
			isa = PBXNativeTarget;
			buildConfigurationList = F5F7C3CC1DBBC59D00BC116E /* Build configuration list for PBXNativeTarget "ArretoApp" */;
			buildPhases = (
				8881F99C2AA957321E593731 /* [CP] Check Pods Manifest.lock */,
				F5F7C3B31DBBC59D00BC116E /* Sources */,
				F5F7C3B41DBBC59D00BC116E /* Frameworks */,
				F5F7C3B51DBBC59D00BC116E /* Resources */,
				3E63259BE1E0F02C2E3E9ED7 /* [CP] Embed Pods Frameworks */,
				23082C19D830D012FF84F214 /* [CP] Copy Pods Resources */,
			);
			buildRules = (
			);
			dependencies = (
			);
			name = ArretoApp;
			productName = ArretoApp;
			productReference = F5F7C3B71DBBC59D00BC116E /* ArretoApp.app */;
			productType = "com.apple.product-type.application";
		};
/* End PBXNativeTarget section */

/* Begin PBXProject section */
		F5F7C3AF1DBBC59D00BC116E /* Project object */ = {
			isa = PBXProject;
			attributes = {
				LastSwiftUpdateCheck = 0800;
				LastUpgradeCheck = 0810;
				ORGANIZATIONNAME = "Bearded Gentleman";
				TargetAttributes = {
					F5F7C3B61DBBC59D00BC116E = {
						CreatedOnToolsVersion = 8.0;
						DevelopmentTeam = 7XYHS53D2W;
						ProvisioningStyle = Automatic;
					};
				};
			};
			buildConfigurationList = F5F7C3B21DBBC59D00BC116E /* Build configuration list for PBXProject "ArretoApp" */;
			compatibilityVersion = "Xcode 3.2";
			developmentRegion = English;
			hasScannedForEncodings = 0;
			knownRegions = (
				en,
				Base,
			);
			mainGroup = F5F7C3AE1DBBC59D00BC116E;
			productRefGroup = F5F7C3B81DBBC59D00BC116E /* Products */;
			projectDirPath = "";
			projectRoot = "";
			targets = (
				F5F7C3B61DBBC59D00BC116E /* ArretoApp */,
			);
		};
/* End PBXProject section */

/* Begin PBXResourcesBuildPhase section */
		F5F7C3B51DBBC59D00BC116E /* Resources */ = {
			isa = PBXResourcesBuildPhase;
			buildActionMask = 2147483647;
			files = (
				F5F7C3C81DBBC59D00BC116E /* LaunchScreen.storyboard in Resources */,
				F596422A1DC980B3001FA9A9 /* GoogleService-Info.plist in Resources */,
				F5F7C3C51DBBC59D00BC116E /* Assets.xcassets in Resources */,
				F5F7C3C01DBBC59D00BC116E /* Main.storyboard in Resources */,
			);
			runOnlyForDeploymentPostprocessing = 0;
		};
/* End PBXResourcesBuildPhase section */

/* Begin PBXShellScriptBuildPhase section */
		23082C19D830D012FF84F214 /* [CP] Copy Pods Resources */ = {
			isa = PBXShellScriptBuildPhase;
			buildActionMask = 2147483647;
			files = (
			);
			inputPaths = (
			);
			name = "[CP] Copy Pods Resources";
			outputPaths = (
			);
			runOnlyForDeploymentPostprocessing = 0;
			shellPath = /bin/sh;
			shellScript = "\"${SRCROOT}/Pods/Target Support Files/Pods-ArretoApp/Pods-ArretoApp-resources.sh\"\n";
			showEnvVarsInLog = 0;
		};
		3E63259BE1E0F02C2E3E9ED7 /* [CP] Embed Pods Frameworks */ = {
			isa = PBXShellScriptBuildPhase;
			buildActionMask = 2147483647;
			files = (
			);
			inputPaths = (
			);
			name = "[CP] Embed Pods Frameworks";
			outputPaths = (
			);
			runOnlyForDeploymentPostprocessing = 0;
			shellPath = /bin/sh;
			shellScript = "\"${SRCROOT}/Pods/Target Support Files/Pods-ArretoApp/Pods-ArretoApp-frameworks.sh\"\n";
			showEnvVarsInLog = 0;
		};
		8881F99C2AA957321E593731 /* [CP] Check Pods Manifest.lock */ = {
			isa = PBXShellScriptBuildPhase;
			buildActionMask = 2147483647;
			files = (
			);
			inputPaths = (
			);
			name = "[CP] Check Pods Manifest.lock";
			outputPaths = (
			);
			runOnlyForDeploymentPostprocessing = 0;
			shellPath = /bin/sh;
			shellScript = "diff \"${PODS_ROOT}/../Podfile.lock\" \"${PODS_ROOT}/Manifest.lock\" > /dev/null\nif [ $? != 0 ] ; then\n    # print error to STDERR\n    echo \"error: The sandbox is not in sync with the Podfile.lock. Run 'pod install' or update your CocoaPods installation.\" >&2\n    exit 1\nfi\n";
			showEnvVarsInLog = 0;
		};
/* End PBXShellScriptBuildPhase section */

/* Begin PBXSourcesBuildPhase section */
		F5F7C3B31DBBC59D00BC116E /* Sources */ = {
			isa = PBXSourcesBuildPhase;
			buildActionMask = 2147483647;
			files = (
				F5F7C3E11DBBD39A00BC116E /* Event+CoreDataProperties.swift in Sources */,
				F50FE6211DC9B35900029A11 /* ActionExecuter.swift in Sources */,
				F5DB98FB1DE639D700FD9933 /* ViewModeEnum.swift in Sources */,
				F5F7C3E81DBBDC2700BC116E /* GameImpl.swift in Sources */,
				F5CF8A791DBD24B30043E05A /* ArretoExceptions.swift in Sources */,
				F50FE62D1DD160E800029A11 /* LeftTVC.swift in Sources */,
				F50FE61F1DC9B2B900029A11 /* AWOHTITVC.swift in Sources */,
				F50FE6271DCE38B300029A11 /* AWOHTIInactiveTVC.swift in Sources */,
				F5DB98FF1DE67BEC00FD9933 /* ViewModeCVC.swift in Sources */,
				F5F7C3DC1DBBD39A00BC116E /* Board+CoreDataClass.swift in Sources */,
				F594C7011DD16EA400AB8B3A /* SummaryTVC.swift in Sources */,
				F50FE6231DC9B5DD00029A11 /* PlayerInfoDTO.swift in Sources */,
				F5221B051DDF25880017BBBD /* FirebaseType.swift in Sources */,
				F596422C1DC980DD001FA9A9 /* FirebaseHelper.swift in Sources */,
				F50FE61D1DC9A1A900029A11 /* AddShareBoardVC.swift in Sources */,
				F5F7C3BD1DBBC59D00BC116E /* MainVC.swift in Sources */,
				F5CF8A7C1DBD29AD0043E05A /* EventTypeEnum.swift in Sources */,
				F5F7C3DF1DBBD39A00BC116E /* Player+CoreDataProperties.swift in Sources */,
				F5F7C3DD1DBBD39A00BC116E /* Board+CoreDataProperties.swift in Sources */,
				F5F7C3E01DBBD39A00BC116E /* Event+CoreDataClass.swift in Sources */,
				F58499AB1DBEF1610052B752 /* PlayerNameTCV.swift in Sources */,
				F5F7C3EA1DBBE04A00BC116E /* AddPlayerVC.swift in Sources */,
				F5F7C3E41DBBDBC700BC116E /* GameType.swift in Sources */,
				F50FE62B1DCEB53000029A11 /* ColorUtil.swift in Sources */,
				F50FE6191DC9944500029A11 /* KeyGeneratorHelper.swift in Sources */,
				F5F7C3C31DBBC59D00BC116E /* ArretoApp.xcdatamodeld in Sources */,
				F5221B071DE10A0C0017BBBD /* UserDefaultsHelper.swift in Sources */,
				F5F7C3D01DBBD0B900BC116E /* CoreDataHelper.swift in Sources */,
				F50FE6251DCE370C00029A11 /* PlayingTVC.swift in Sources */,
				F5DB98FD1DE67BBC00FD9933 /* ChangeViewModeVC.swift in Sources */,
				F5F7C3DE1DBBD39A00BC116E /* Player+CoreDataClass.swift in Sources */,
				F5F7C3BB1DBBC59D00BC116E /* AppDelegate.swift in Sources */,
				F50FE61B1DC996E200029A11 /* KeyGenerator.swift in Sources */,
				F50FE6291DCE8DB800029A11 /* PlayingInactiveTVC.swift in Sources */,
			);
			runOnlyForDeploymentPostprocessing = 0;
		};
/* End PBXSourcesBuildPhase section */

/* Begin PBXVariantGroup section */
		F5F7C3BE1DBBC59D00BC116E /* Main.storyboard */ = {
			isa = PBXVariantGroup;
			children = (
				F5F7C3BF1DBBC59D00BC116E /* Base */,
			);
			name = Main.storyboard;
			sourceTree = "<group>";
		};
		F5F7C3C61DBBC59D00BC116E /* LaunchScreen.storyboard */ = {
			isa = PBXVariantGroup;
			children = (
				F5F7C3C71DBBC59D00BC116E /* Base */,
			);
			name = LaunchScreen.storyboard;
			sourceTree = "<group>";
		};
/* End PBXVariantGroup section */

/* Begin XCBuildConfiguration section */
		F5F7C3CA1DBBC59D00BC116E /* Debug */ = {
			isa = XCBuildConfiguration;
			buildSettings = {
				ALWAYS_SEARCH_USER_PATHS = NO;
				CLANG_ANALYZER_NONNULL = YES;
				CLANG_CXX_LANGUAGE_STANDARD = "gnu++0x";
				CLANG_CXX_LIBRARY = "libc++";
				CLANG_ENABLE_MODULES = YES;
				CLANG_ENABLE_OBJC_ARC = YES;
				CLANG_WARN_BOOL_CONVERSION = YES;
				CLANG_WARN_CONSTANT_CONVERSION = YES;
				CLANG_WARN_DIRECT_OBJC_ISA_USAGE = YES_ERROR;
				CLANG_WARN_DOCUMENTATION_COMMENTS = YES;
				CLANG_WARN_EMPTY_BODY = YES;
				CLANG_WARN_ENUM_CONVERSION = YES;
				CLANG_WARN_INFINITE_RECURSION = YES;
				CLANG_WARN_INT_CONVERSION = YES;
				CLANG_WARN_OBJC_ROOT_CLASS = YES_ERROR;
				CLANG_WARN_SUSPICIOUS_MOVE = YES;
				CLANG_WARN_SUSPICIOUS_MOVES = YES;
				CLANG_WARN_UNREACHABLE_CODE = YES;
				CLANG_WARN__DUPLICATE_METHOD_MATCH = YES;
				"CODE_SIGN_IDENTITY[sdk=iphoneos*]" = "iPhone Developer";
				COPY_PHASE_STRIP = NO;
				DEBUG_INFORMATION_FORMAT = dwarf;
				ENABLE_STRICT_OBJC_MSGSEND = YES;
				ENABLE_TESTABILITY = YES;
				GCC_C_LANGUAGE_STANDARD = gnu99;
				GCC_DYNAMIC_NO_PIC = NO;
				GCC_NO_COMMON_BLOCKS = YES;
				GCC_OPTIMIZATION_LEVEL = 0;
				GCC_PREPROCESSOR_DEFINITIONS = (
					"DEBUG=1",
					"$(inherited)",
				);
				GCC_WARN_64_TO_32_BIT_CONVERSION = YES;
				GCC_WARN_ABOUT_RETURN_TYPE = YES_ERROR;
				GCC_WARN_UNDECLARED_SELECTOR = YES;
				GCC_WARN_UNINITIALIZED_AUTOS = YES_AGGRESSIVE;
				GCC_WARN_UNUSED_FUNCTION = YES;
				GCC_WARN_UNUSED_VARIABLE = YES;
				IPHONEOS_DEPLOYMENT_TARGET = 10.0;
				MTL_ENABLE_DEBUG_INFO = YES;
				ONLY_ACTIVE_ARCH = YES;
				SDKROOT = iphoneos;
				SWIFT_ACTIVE_COMPILATION_CONDITIONS = DEBUG;
				SWIFT_OPTIMIZATION_LEVEL = "-Onone";
				TARGETED_DEVICE_FAMILY = "1,2";
			};
			name = Debug;
		};
		F5F7C3CB1DBBC59D00BC116E /* Release */ = {
			isa = XCBuildConfiguration;
			buildSettings = {
				ALWAYS_SEARCH_USER_PATHS = NO;
				CLANG_ANALYZER_NONNULL = YES;
				CLANG_CXX_LANGUAGE_STANDARD = "gnu++0x";
				CLANG_CXX_LIBRARY = "libc++";
				CLANG_ENABLE_MODULES = YES;
				CLANG_ENABLE_OBJC_ARC = YES;
				CLANG_WARN_BOOL_CONVERSION = YES;
				CLANG_WARN_CONSTANT_CONVERSION = YES;
				CLANG_WARN_DIRECT_OBJC_ISA_USAGE = YES_ERROR;
				CLANG_WARN_DOCUMENTATION_COMMENTS = YES;
				CLANG_WARN_EMPTY_BODY = YES;
				CLANG_WARN_ENUM_CONVERSION = YES;
				CLANG_WARN_INFINITE_RECURSION = YES;
				CLANG_WARN_INT_CONVERSION = YES;
				CLANG_WARN_OBJC_ROOT_CLASS = YES_ERROR;
				CLANG_WARN_SUSPICIOUS_MOVE = YES;
				CLANG_WARN_SUSPICIOUS_MOVES = YES;
				CLANG_WARN_UNREACHABLE_CODE = YES;
				CLANG_WARN__DUPLICATE_METHOD_MATCH = YES;
				"CODE_SIGN_IDENTITY[sdk=iphoneos*]" = "iPhone Developer";
				COPY_PHASE_STRIP = NO;
				DEBUG_INFORMATION_FORMAT = "dwarf-with-dsym";
				ENABLE_NS_ASSERTIONS = NO;
				ENABLE_STRICT_OBJC_MSGSEND = YES;
				GCC_C_LANGUAGE_STANDARD = gnu99;
				GCC_NO_COMMON_BLOCKS = YES;
				GCC_WARN_64_TO_32_BIT_CONVERSION = YES;
				GCC_WARN_ABOUT_RETURN_TYPE = YES_ERROR;
				GCC_WARN_UNDECLARED_SELECTOR = YES;
				GCC_WARN_UNINITIALIZED_AUTOS = YES_AGGRESSIVE;
				GCC_WARN_UNUSED_FUNCTION = YES;
				GCC_WARN_UNUSED_VARIABLE = YES;
				IPHONEOS_DEPLOYMENT_TARGET = 10.0;
				MTL_ENABLE_DEBUG_INFO = NO;
				SDKROOT = iphoneos;
				SWIFT_OPTIMIZATION_LEVEL = "-Owholemodule";
				TARGETED_DEVICE_FAMILY = "1,2";
				VALIDATE_PRODUCT = YES;
			};
			name = Release;
		};
		F5F7C3CD1DBBC59D00BC116E /* Debug */ = {
			isa = XCBuildConfiguration;
			baseConfigurationReference = EF1968CD7199A1BA10DC38C2 /* Pods-ArretoApp.debug.xcconfig */;
			buildSettings = {
				ASSETCATALOG_COMPILER_APPICON_NAME = AppIcon;
				DEVELOPMENT_TEAM = 7XYHS53D2W;
				INFOPLIST_FILE = ArretoApp/Info.plist;
				IPHONEOS_DEPLOYMENT_TARGET = 10.1;
				LD_RUNPATH_SEARCH_PATHS = "$(inherited) @executable_path/Frameworks";
				PRODUCT_BUNDLE_IDENTIFIER = com.beardedgentleman.anotame.ArretoApp;
				PRODUCT_NAME = "$(TARGET_NAME)";
				SWIFT_VERSION = 3.0;
			};
			name = Debug;
		};
		F5F7C3CE1DBBC59D00BC116E /* Release */ = {
			isa = XCBuildConfiguration;
			baseConfigurationReference = 23452EE743DFE89CA0F8A834 /* Pods-ArretoApp.release.xcconfig */;
			buildSettings = {
				ASSETCATALOG_COMPILER_APPICON_NAME = AppIcon;
				DEVELOPMENT_TEAM = 7XYHS53D2W;
				INFOPLIST_FILE = ArretoApp/Info.plist;
				IPHONEOS_DEPLOYMENT_TARGET = 10.1;
				LD_RUNPATH_SEARCH_PATHS = "$(inherited) @executable_path/Frameworks";
				PRODUCT_BUNDLE_IDENTIFIER = com.beardedgentleman.anotame.ArretoApp;
				PRODUCT_NAME = "$(TARGET_NAME)";
				SWIFT_VERSION = 3.0;
			};
			name = Release;
		};
/* End XCBuildConfiguration section */

/* Begin XCConfigurationList section */
		F5F7C3B21DBBC59D00BC116E /* Build configuration list for PBXProject "ArretoApp" */ = {
			isa = XCConfigurationList;
			buildConfigurations = (
				F5F7C3CA1DBBC59D00BC116E /* Debug */,
				F5F7C3CB1DBBC59D00BC116E /* Release */,
			);
			defaultConfigurationIsVisible = 0;
			defaultConfigurationName = Release;
		};
		F5F7C3CC1DBBC59D00BC116E /* Build configuration list for PBXNativeTarget "ArretoApp" */ = {
			isa = XCConfigurationList;
			buildConfigurations = (
				F5F7C3CD1DBBC59D00BC116E /* Debug */,
				F5F7C3CE1DBBC59D00BC116E /* Release */,
			);
			defaultConfigurationIsVisible = 0;
			defaultConfigurationName = Release;
		};
/* End XCConfigurationList section */

/* Begin XCVersionGroup section */
		F5F7C3C11DBBC59D00BC116E /* ArretoApp.xcdatamodeld */ = {
			isa = XCVersionGroup;
			children = (
				F5221B031DDF23740017BBBD /* ArretoApp v1. 3.xcdatamodel */,
				F58499AC1DC4FBC00052B752 /* ArretoApp v1.2.xcdatamodel */,
				F5F7C3C21DBBC59D00BC116E /* ArretoApp.xcdatamodel */,
			);
			currentVersion = F5221B031DDF23740017BBBD /* ArretoApp v1. 3.xcdatamodel */;
			path = ArretoApp.xcdatamodeld;
			sourceTree = "<group>";
			versionGroupType = wrapper.xcdatamodel;
		};
/* End XCVersionGroup section */
	};
	rootObject = F5F7C3AF1DBBC59D00BC116E /* Project object */;
}
